
Microsoft Visual Studio Solution File, Format Version 12.00
# Visual Studio Version 17
VisualStudioVersion = 17.5.002.0
MinimumVisualStudioVersion = 10.0.40219.1
Project("{9A19103F-16F7-4668-BE54-9A1E7A4F7556}") = "hello-world-numbers", "hello-world-numbers.csproj", "{E8A6A9C0-9DE6-489A-9570-A2BADA7F6CE8}"
EndProject
Global
	GlobalSection(SolutionConfigurationPlatforms) = preSolution
		Debug|Any CPU = Debug|Any CPU
		Release|Any CPU = Release|Any CPU
	EndGlobalSection
	GlobalSection(ProjectConfigurationPlatforms) = postSolution
		{E8A6A9C0-9DE6-489A-9570-A2BADA7F6CE8}.Debug|Any CPU.ActiveCfg = Debug|Any CPU
		{E8A6A9C0-9DE6-489A-9570-A2BADA7F6CE8}.Debug|Any CPU.Build.0 = Debug|Any CPU
		{E8A6A9C0-9DE6-489A-9570-A2BADA7F6CE8}.Release|Any CPU.ActiveCfg = Release|Any CPU
		{E8A6A9C0-9DE6-489A-9570-A2BADA7F6CE8}.Release|Any CPU.Build.0 = Release|Any CPU
	EndGlobalSection
	GlobalSection(SolutionProperties) = preSolution
		HideSolutionNode = FALSE
	EndGlobalSection
	GlobalSection(ExtensibilityGlobals) = postSolution
		SolutionGuid = {1EB134E4-02CC-43D6-BCEA-9B4E42C593B7}
	EndGlobalSection
EndGlobal
